
Microsoft Visual Studio Solution File, Format Version 12.00
# Visual Studio Version 17
VisualStudioVersion = 17.9.34728.123
MinimumVisualStudioVersion = 10.0.40219.1
Project("{2150E333-8FDC-42A3-9474-1A3956D46DE8}") = "Solution Items", "Solution Items", "{29ACC391-CB79-445D-B46D-DFB42084F28C}"
	ProjectSection(SolutionItems) = preProject
		global.json = global.json
	EndProjectSection
EndProject
Project("{9A19103F-16F7-4668-BE54-9A1E7A4F7556}") = "TelerikAspNetCoreApp1", "TelerikAspNetCoreApp1\TelerikAspNetCoreApp1.csproj", "{C58ADECC-6CBB-4365-B781-344926551BEF}"
EndProject
Global
	GlobalSection(SolutionConfigurationPlatforms) = preSolution
		Debug|Any CPU = Debug|Any CPU
		Release|Any CPU = Release|Any CPU
	EndGlobalSection
	GlobalSection(ProjectConfigurationPlatforms) = postSolution
		{C58ADECC-6CBB-4365-B781-344926551BEF}.Debug|Any CPU.ActiveCfg = Debug|Any CPU
		{C58ADECC-6CBB-4365-B781-344926551BEF}.Debug|Any CPU.Build.0 = Debug|Any CPU
		{C58ADECC-6CBB-4365-B781-344926551BEF}.Release|Any CPU.ActiveCfg = Release|Any CPU
		{C58ADECC-6CBB-4365-B781-344926551BEF}.Release|Any CPU.Build.0 = Release|Any CPU
	EndGlobalSection
	GlobalSection(SolutionProperties) = preSolution
		HideSolutionNode = FALSE
	EndGlobalSection
	GlobalSection(ExtensibilityGlobals) = postSolution
		SolutionGuid = {80C0E803-2663-4B40-A6D4-C5C8BC7F5EAE}
	EndGlobalSection
EndGlobal
